version = 1
revision = 3
requires-python = ">=3.10, <4"
resolution-markers = [
    "platform_python_implementation == 'CPython'",
    "platform_python_implementation == 'PyPy'",
    "platform_python_implementation != 'CPython' and platform_python_implementation != 'PyPy'",
]

[[package]]
name = ""
version = "0.0.1"
source = { virtual = "." }
dependencies = [
    { name = "scrapy" },
]

[package.metadata]
requires-dist = [{ name = "scrapy" }]

[package.metadata.requires-dev]
dev = []

[[package]]
name = "attrs"
version = "21.4.0"
source = { registry = "https://pypi.org/simple" }
sdist = { url = "https://files.pythonhosted.org/packages/d7/77/ebb15fc26d0f815839ecd897b919ed6d85c050feeb83e100e020df9153d2/attrs-21.4.0.tar.gz", hash = "sha256:626ba8234211db98e869df76230a137c4c40a12d72445c45d5f5b716f076e2fd", size = 201839, upload-time = "2021-12-29T13:15:09.056Z" }
wheels = [
    { url = "https://files.pythonhosted.org/packages/be/be/7abce643bfdf8ca01c48afa2ddf8308c2308b0c3b239a44e57d020afa0ef/attrs-21.4.0-py2.py3-none-any.whl", hash = "sha256:2d27e3784d7a565d36ab851fe94887c5eccd6a463168875832a1be79c82828b4", size = 60567, upload-time = "2021-12-29T13:15:06.703Z" },
]

[[package]]
name = "automat"
version = "20.2.0"
source = { registry = "https://pypi.org/simple" }
dependencies = [
    { name = "attrs" },
    { name = "six" },
]
sdist = { url = "https://files.pythonhosted.org/packages/80/c5/82c63bad570f4ef745cc5c2f0713c8eddcd07153b4bee7f72a8dc9f9384b/Automat-20.2.0.tar.gz", hash = "sha256:7979803c74610e11ef0c0d68a2942b152df52da55336e0c9d58daf1831cbdf33", size = 61679, upload-time = "2020-02-16T19:41:05.954Z" }
wheels = [
    { url = "https://files.pythonhosted.org/packages/dd/83/5f6f3c1a562674d65efc320257bdc0873ec53147835aeef7762fe7585273/Automat-20.2.0-py2.py3-none-any.whl", hash = "sha256:b6feb6455337df834f6c9962d6ccf771515b7d939bca142b29c20c2376bc6111", size = 31803, upload-time = "2020-02-16T19:41:03.68Z" },
]

[[package]]
name = "cffi"
version = "1.15.0"
source = { registry = "https://pypi.org/simple" }
dependencies = [
    { name = "pycparser" },
]
sdist = { url = "https://files.pythonhosted.org/packages/00/9e/92de7e1217ccc3d5f352ba21e52398372525765b2e0c4530e6eb2ba9282a/cffi-1.15.0.tar.gz", hash = "sha256:920f0d66a896c2d99f0adbb391f990a84091179542c205fa53ce5787aff87954", size = 484058, upload-time = "2021-10-13T15:53:33.191Z" }
wheels = [
    { url = "https://files.pythonhosted.org/packages/f0/00/3003a6f8c20bc349cc7c307432dcbd3711135a1ce12b763e7b09726674f0/cffi-1.15.0-cp310-cp310-macosx_10_9_x86_64.whl", hash = "sha256:0104fb5ae2391d46a4cb082abdd5c69ea4eab79d8d44eaaf79f1b1fd806ee4c2", size = 178921, upload-time = "2021-10-13T15:52:19.505Z" },
    { url = "https://files.pythonhosted.org/packages/7f/96/126f39cbb6d7c87cb7de2e5f74a2a707c282c357055be641d3ae6075d0a5/cffi-1.15.0-cp310-cp310-macosx_11_0_arm64.whl", hash = "sha256:91ec59c33514b7c7559a6acda53bbfe1b283949c34fe7440bcf917f96ac0723e", size = 173978, upload-time = "2021-10-13T15:52:20.978Z" },
    { url = "https://files.pythonhosted.org/packages/c3/54/4587212a3a2340d41a40a903c92ce3590f78ca75a56fd608e6889cba98d1/cffi-1.15.0-cp310-cp310-manylinux_2_12_i686.manylinux2010_i686.whl", hash = "sha256:f5c7150ad32ba43a07c4479f40241756145a1f03b43480e058cfd862bf5041c7", size = 421990, upload-time = "2021-10-13T15:52:22.52Z" },
    { url = "https://files.pythonhosted.org/packages/ae/27/a99335833b6c4d356bdeaadd87d0e9e83969761513dba6dc2a8123d95ca1/cffi-1.15.0-cp310-cp310-manylinux_2_12_x86_64.manylinux2010_x86_64.whl", hash = "sha256:00c878c90cb53ccfaae6b8bc18ad05d2036553e6d9d1d9dbcf323bbe83854ca3", size = 446295, upload-time = "2021-10-13T15:52:24.06Z" },
    { url = "https://files.pythonhosted.org/packages/6d/cc/e45ad6277cd0675c4fbfc25cacc29f5760b9a4c150fd902b18abf85e4672/cffi-1.15.0-cp310-cp310-manylinux_2_17_aarch64.manylinux2014_aarch64.whl", hash = "sha256:abb9a20a72ac4e0fdb50dae135ba5e77880518e742077ced47eb1499e29a443c", size = 448338, upload-time = "2021-10-13T15:52:25.576Z" },
    { url = "https://files.pythonhosted.org/packages/bb/7d/8e2ef3d009d801e02e18fb995c06ad788b5ed42c534c9c737260d54ddec7/cffi-1.15.0-cp310-cp310-manylinux_2_17_ppc64le.manylinux2014_ppc64le.whl", hash = "sha256:a5263e363c27b653a90078143adb3d076c1a748ec9ecc78ea2fb916f9b861962", size = 466226, upload-time = "2021-10-13T15:52:27.85Z" },
    { url = "https://files.pythonhosted.org/packages/ac/40/9cf45d01320987075d3156e96741b5de2395005070b571c0c9498093b905/cffi-1.15.0-cp310-cp310-manylinux_2_17_s390x.manylinux2014_s390x.whl", hash = "sha256:f54a64f8b0c8ff0b64d18aa76675262e1700f3995182267998c31ae974fbc382", size = 445840, upload-time = "2021-10-13T15:52:29.692Z" },
    { url = "https://files.pythonhosted.org/packages/2a/fb/7f52b10940eb31b32410fe016cad5b379961be0eac1d40ba4afa1e7819ad/cffi-1.15.0-cp310-cp310-win32.whl", hash = "sha256:c21c9e3896c23007803a875460fb786118f0cdd4434359577ea25eb556e34c55", size = 167455, upload-time = "2021-10-13T15:52:31.147Z" },
    { url = "https://files.pythonhosted.org/packages/c9/06/3dc78a8537fba6d442d45a2d9c0d71679d2bfc88e82452780874256cf883/cffi-1.15.0-cp310-cp310-win_amd64.whl", hash = "sha256:5e069f72d497312b24fcc02073d70cb989045d1c91cbd53979366077959933e0", size = 180290, upload-time = "2021-10-13T15:52:32.661Z" },
]

[[package]]
name = "constantly"
version = "15.1.0"
source = { registry = "https://pypi.org/simple" }
sdist = { url = "https://files.pythonhosted.org/packages/95/f1/207a0a478c4bb34b1b49d5915e2db574cadc415c9ac3a7ef17e29b2e8951/constantly-15.1.0.tar.gz", hash = "sha256:586372eb92059873e29eba4f9dec8381541b4d3834660707faf8ba59146dfc35", size = 21465, upload-time = "2015-08-11T13:39:30.204Z" }
wheels = [
    { url = "https://files.pythonhosted.org/packages/b9/65/48c1909d0c0aeae6c10213340ce682db01b48ea900a7d9fce7a7910ff318/constantly-15.1.0-py2.py3-none-any.whl", hash = "sha256:dd2fa9d6b1a51a83f0d7dd76293d734046aa176e384bf6e33b7e44880eb37c5d", size = 7922, upload-time = "2015-08-11T13:39:24.53Z" },
]

[[package]]
name = "cryptography"
version = "36.0.1"
source = { registry = "https://pypi.org/simple" }
dependencies = [
    { name = "cffi" },
]
sdist = { url = "https://files.pythonhosted.org/packages/f9/4b/1cf8e281f7ae4046a59e5e39dd7471d46db9f61bb564fddbff9084c4334f/cryptography-36.0.1.tar.gz", hash = "sha256:53e5c1dc3d7a953de055d77bef2ff607ceef7a2aac0353b5d630ab67f7423638", size = 572145, upload-time = "2021-12-14T22:10:51.528Z" }
wheels = [
    { url = "https://files.pythonhosted.org/packages/30/88/9966c898dce71045059c315fe4c542a168c47222fc974f191b3e608a94ef/cryptography-36.0.1-cp36-abi3-macosx_10_10_universal2.whl", hash = "sha256:73bc2d3f2444bcfeac67dd130ff2ea598ea5f20b40e36d19821b4df8c9c5037b", size = 4823054, upload-time = "2021-12-14T22:36:55.277Z" },
    { url = "https://files.pythonhosted.org/packages/fe/c0/f2527015e03da5ed6c8eeeccb8b135eb833d59aa21d37214a69f9a620950/cryptography-36.0.1-cp36-abi3-macosx_10_10_x86_64.whl", hash = "sha256:2d87cdcb378d3cfed944dac30596da1968f88fb96d7fc34fdae30a99054b2e31", size = 2558077, upload-time = "2021-12-14T22:11:02.5Z" },
    { url = "https://files.pythonhosted.org/packages/0c/12/a55cf1ed39c2fa9a22448b82c984152fdeb7b30a66e3544eee3bd52b08fc/cryptography-36.0.1-cp36-abi3-manylinux_2_12_x86_64.manylinux2010_x86_64.whl", hash = "sha256:74d6c7e80609c0f4c2434b97b80c7f8fdfaa072ca4baab7e239a15d6d70ed73a", size = 3684779, upload-time = "2021-12-14T22:11:24.567Z" },
    { url = "https://files.pythonhosted.org/packages/cc/67/459b61831549f4a11c7e5f6430084be0a8c09fcc8463ccf3c41e823d3778/cryptography-36.0.1-cp36-abi3-manylinux_2_17_aarch64.manylinux2014_aarch64.manylinux_2_24_aarch64.whl", hash = "sha256:6c0c021f35b421ebf5976abf2daacc47e235f8b6082d3396a2fe3ccd537ab173", size = 3347583, upload-time = "2021-12-14T22:30:03.141Z" },
    { url = "https://files.pythonhosted.org/packages/f0/75/f75f35ae3f6bd34475e15a3f06933d0aae15800a86c3b0e7acaa2b36f416/cryptography-36.0.1-cp36-abi3-manylinux_2_17_aarch64.manylinux2014_aarch64.whl", hash = "sha256:5d59a9d55027a8b88fd9fd2826c4392bd487d74bf628bb9d39beecc62a644c12", size = 3621851, upload-time = "2021-12-14T22:30:12.887Z" },
    { url = "https://files.pythonhosted.org/packages/a7/9f/a725c8f434d24ae656b61539b3c3d22325e8b65331c3f8f943c4cf8858d4/cryptography-36.0.1-cp36-abi3-manylinux_2_17_x86_64.manylinux2014_x86_64.whl", hash = "sha256:0a817b961b46894c5ca8a66b599c745b9a3d9f822725221f0e0fe49dc043a3a3", size = 3756714, upload-time = "2021-12-14T22:11:46.552Z" },
    { url = "https://files.pythonhosted.org/packages/d8/0c/c0f8790bdeff9813722811500fd735c40a6c50fe0b4f8f6f4444f7a49cc0/cryptography-36.0.1-cp36-abi3-manylinux_2_24_x86_64.whl", hash = "sha256:94ae132f0e40fe48f310bba63f477f14a43116f05ddb69d6fa31e93f05848ae2", size = 3628090, upload-time = "2021-12-14T22:11:08.589Z" },
    { url = "https://files.pythonhosted.org/packages/c5/8c/a6af8542a22c6212b782465ec1ef5e3dd881eaef4b47d660a3404a4cc5ae/cryptography-36.0.1-cp36-abi3-musllinux_1_1_aarch64.whl", hash = "sha256:7be0eec337359c155df191d6ae00a5e8bbb63933883f4f5dffc439dac5348c3f", size = 3691220, upload-time = "2021-12-14T22:30:18.34Z" },
    { url = "https://files.pythonhosted.org/packages/23/81/ec8af4ddfc7467faee71c606b8398b4a7f89d0bfd3c0d8922805a6b6de03/cryptography-36.0.1-cp36-abi3-musllinux_1_1_x86_64.whl", hash = "sha256:e0344c14c9cb89e76eb6a060e67980c9e35b3f36691e15e1b7a9e58a0a6c6dc3", size = 3814514, upload-time = "2021-12-14T22:12:06.515Z" },
    { url = "https://files.pythonhosted.org/packages/da/3b/d7d9cb1320fdf9d10abeff590674f00506d16a4d850a8b696986026baba0/cryptography-36.0.1-cp36-abi3-win32.whl", hash = "sha256:4caa4b893d8fad33cf1964d3e51842cd78ba87401ab1d2e44556826df849a8ca", size = 1904750, upload-time = "2021-12-14T22:12:12.254Z" },
    { url = "https://files.pythonhosted.org/packages/46/39/3c255cc81d7a804bb92d129bc36a0d8b1e169a654c2a5e869066b0a6a67d/cryptography-36.0.1-cp36-abi3-win_amd64.whl", hash = "sha256:391432971a66cfaf94b21c24ab465a4cc3e8bf4a939c1ca5c3e3a6e0abebdbcf", size = 2188060, upload-time = "2021-12-14T22:12:18.072Z" },
]

[[package]]
name = "cssselect"
version = "1.1.0"
source = { registry = "https://pypi.org/simple" }
sdist = { url = "https://files.pythonhosted.org/packages/70/54/37630f6eb2c214cdee2ae56b7287394c8aa2f3bafb8b4eb8c3791aae7a14/cssselect-1.1.0.tar.gz", hash = "sha256:f95f8dedd925fd8f54edb3d2dfb44c190d9d18512377d3c1e2388d16126879bc", size = 22718, upload-time = "2019-08-09T09:20:32.494Z" }
wheels = [
    { url = "https://files.pythonhosted.org/packages/3b/d4/3b5c17f00cce85b9a1e6f91096e1cc8e8ede2e1be8e96b87ce1ed09e92c5/cssselect-1.1.0-py2.py3-none-any.whl", hash = "sha256:f612ee47b749c877ebae5bb77035d8f4202c6ad0f0fc1271b3c18ad6c4468ecf", size = 16647, upload-time = "2019-08-09T09:20:30.648Z" },
]

[[package]]
name = "h2"
version = "3.2.0"
source = { registry = "https://pypi.org/simple" }
dependencies = [
    { name = "hpack" },
    { name = "hyperframe" },
]
sdist = { url = "https://files.pythonhosted.org/packages/08/0a/033df0fc05fe94f72517ccd393dd9ff99b1773fd198307638e6d3568a518/h2-3.2.0.tar.gz", hash = "sha256:875f41ebd6f2c44781259005b157faed1a5031df3ae5aa7bcb4628a6c0782f14", size = 2215889, upload-time = "2020-02-08T16:46:05.196Z" }
wheels = [
    { url = "https://files.pythonhosted.org/packages/25/de/da019bcc539eeab02f6d45836f23858ac467f584bfec7a526ef200242afe/h2-3.2.0-py2.py3-none-any.whl", hash = "sha256:61e0f6601fa709f35cdb730863b4e5ec7ad449792add80d1410d4174ed139af5", size = 65044, upload-time = "2020-02-08T16:45:57.169Z" },
]

[[package]]
name = "hpack"
version = "3.0.0"
source = { registry = "https://pypi.org/simple" }
sdist = { url = "https://files.pythonhosted.org/packages/44/f1/b4440e46e265a29c0cb7b09b6daec6edf93c79eae713cfed93fbbf8716c5/hpack-3.0.0.tar.gz", hash = "sha256:8eec9c1f4bfae3408a3f30500261f7e6a65912dc138526ea054f9ad98892e9d2", size = 43321, upload-time = "2017-03-29T13:00:11.691Z" }
wheels = [
    { url = "https://files.pythonhosted.org/packages/8a/cc/e53517f4a1e13f74776ca93271caef378dadec14d71c61c949d759d3db69/hpack-3.0.0-py2.py3-none-any.whl", hash = "sha256:0edd79eda27a53ba5be2dfabf3b15780928a0dff6eb0c60a3d6767720e970c89", size = 38552, upload-time = "2017-03-29T13:00:09.659Z" },
]

[[package]]
name = "hyperframe"
version = "5.2.0"
source = { registry = "https://pypi.org/simple" }
sdist = { url = "https://files.pythonhosted.org/packages/e6/7f/9a4834af1010dc1d570d5f394dfd9323a7d7ada7d25586bd299fc4cb0356/hyperframe-5.2.0.tar.gz", hash = "sha256:a9f5c17f2cc3c719b917c4f33ed1c61bd1f8dfac4b1bd23b7c80b3400971b41f", size = 19115, upload-time = "2019-01-18T10:35:23.391Z" }
wheels = [
    { url = "https://files.pythonhosted.org/packages/19/0c/bf88182bcb5dce3094e2f3e4fe20db28a9928cb7bd5b08024030e4b140db/hyperframe-5.2.0-py2.py3-none-any.whl", hash = "sha256:5187962cb16dcc078f23cb5a4b110098d546c3f41ff2d4038a9896893bbd0b40", size = 12803, upload-time = "2019-01-18T10:35:21.751Z" },
]

[[package]]
name = "hyperlink"
version = "21.0.0"
source = { registry = "https://pypi.org/simple" }
dependencies = [
    { name = "idna" },
]
sdist = { url = "https://files.pythonhosted.org/packages/3a/51/1947bd81d75af87e3bb9e34593a4cf118115a8feb451ce7a69044ef1412e/hyperlink-21.0.0.tar.gz", hash = "sha256:427af957daa58bc909471c6c40f74c5450fa123dd093fc53efd2e91d2705a56b", size = 140743, upload-time = "2021-01-08T05:51:20.972Z" }
wheels = [
    { url = "https://files.pythonhosted.org/packages/6e/aa/8caf6a0a3e62863cbb9dab27135660acba46903b703e224f14f447e57934/hyperlink-21.0.0-py2.py3-none-any.whl", hash = "sha256:e6b14c37ecb73e89c77d78cdb4c2cc8f3fb59a885c5b3f819ff4ed80f25af1b4", size = 74638, upload-time = "2021-01-08T05:51:22.906Z" },
]

[[package]]
name = "idna"
version = "3.3"
source = { registry = "https://pypi.org/simple" }
sdist = { url = "https://files.pythonhosted.org/packages/62/08/e3fc7c8161090f742f504f40b1bccbfc544d4a4e09eb774bf40aafce5436/idna-3.3.tar.gz", hash = "sha256:9d643ff0a55b762d5cdb124b8eaa99c66322e2157b69160bc32796e824360e6d", size = 286689, upload-time = "2021-10-12T23:33:41.312Z" }
wheels = [
    { url = "https://files.pythonhosted.org/packages/04/a2/d918dcd22354d8958fe113e1a3630137e0fc8b44859ade3063982eacd2a4/idna-3.3-py3-none-any.whl", hash = "sha256:84d9dd047ffa80596e0f246e2eab0b391788b0503584e8945f2368256d2735ff", size = 61160, upload-time = "2021-10-12T23:33:38.02Z" },
]

[[package]]
name = "incremental"
version = "21.3.0"
source = { registry = "https://pypi.org/simple" }
sdist = { url = "https://files.pythonhosted.org/packages/4f/c5/430765c697afc217c8491785de321a21fa4d983dda14bcd82feb965b0593/incremental-21.3.0.tar.gz", hash = "sha256:02f5de5aff48f6b9f665d99d48bfc7ec03b6e3943210de7cfc88856d755d6f57", size = 17058, upload-time = "2021-03-02T01:59:37.695Z" }
wheels = [
    { url = "https://files.pythonhosted.org/packages/99/3b/4f80dd10cb716f3a9e22ae88f026d25c47cc3fdf82c2747f3d59c98e4ff1/incremental-21.3.0-py2.py3-none-any.whl", hash = "sha256:92014aebc6a20b78a8084cdd5645eeaa7f74b8933f70fa3ada2cfbd1e3b54321", size = 15354, upload-time = "2021-03-02T01:59:36.351Z" },
]

[[package]]
name = "itemadapter"
version = "0.4.0"
source = { registry = "https://pypi.org/simple" }
sdist = { url = "https://files.pythonhosted.org/packages/e5/20/73a32660def7eb6eb4a87a62b4a3949a2c487e69c1e947af59a73c6d76ae/itemadapter-0.4.0.tar.gz", hash = "sha256:f05df8da52619da4b8c7f155d8a15af19083c0c7ad941d8c1de799560ad994ca", size = 12834, upload-time = "2021-08-26T21:17:16.994Z" }
wheels = [
    { url = "https://files.pythonhosted.org/packages/7f/a9/017e825977a8a6447ef3e3144c11fc70ffadb0d998ade8ed5419b9fa0447/itemadapter-0.4.0-py3-none-any.whl", hash = "sha256:695809a4e2f42174f0392dd66c2ceb2b2454d3ebbf65a930e5c85910d8d88d8f", size = 10122, upload-time = "2021-08-26T21:17:14.165Z" },
]

[[package]]
name = "itemloaders"
version = "1.0.4"
source = { registry = "https://pypi.org/simple" }
dependencies = [
    { name = "itemadapter" },
    { name = "jmespath" },
    { name = "parsel" },
    { name = "w3lib" },
]
sdist = { url = "https://files.pythonhosted.org/packages/d6/d8/ef278aa9ff8cb1daf5707206f0bc5f39c1e6113213882fb6a53dcaa21d1d/itemloaders-1.0.4.tar.gz", hash = "sha256:1277cd8ca3e4c02dcdfbc1bcae9134ad89acfa6041bd15b4561c6290203a0c96", size = 11731, upload-time = "2020-11-12T19:23:45.948Z" }
wheels = [
    { url = "https://files.pythonhosted.org/packages/b3/2b/eb2ddf7becf834679273a6f79ffdc6fbedf07c5272e2eddf412582143c0e/itemloaders-1.0.4-py3-none-any.whl", hash = "sha256:4cb46a0f8915e910c770242ae3b60b1149913ed37162804f1e40e8535d6ec497", size = 11280, upload-time = "2020-11-12T19:23:44.983Z" },
]

[[package]]
name = "jmespath"
version = "0.10.0"
source = { registry = "https://pypi.org/simple" }
sdist = { url = "https://files.pythonhosted.org/packages/3c/56/3f325b1eef9791759784aa5046a8f6a1aff8f7c898a2e34506771d3b99d8/jmespath-0.10.0.tar.gz", hash = "sha256:b85d0567b8666149a93172712e68920734333c0ce7e89b78b3e987f71e5ed4f9", size = 21607, upload-time = "2020-05-12T22:03:47.267Z" }
wheels = [
    { url = "https://files.pythonhosted.org/packages/07/cb/5f001272b6faeb23c1c9e0acc04d48eaaf5c862c17709d20e3469c6e0139/jmespath-0.10.0-py2.py3-none-any.whl", hash = "sha256:cdf6525904cc597730141d61b36f2e4b8ecc257c420fa2f4549bac2c2d0cb72f", size = 24489, upload-time = "2020-05-12T22:03:45.643Z" },
]

[[package]]
name = "lxml"
version = "4.7.1"
source = { registry = "https://pypi.org/simple" }
sdist = { url = "https://files.pythonhosted.org/packages/84/74/4a97db45381316cd6e7d4b1eb707d7f60d38cb2985b5dfd7251a340404da/lxml-4.7.1.tar.gz", hash = "sha256:a1613838aa6b89af4ba10a0f3a972836128801ed008078f8c1244e65958f1b24", size = 3204203, upload-time = "2021-12-13T22:32:13.372Z" }
wheels = [
    { url = "https://files.pythonhosted.org/packages/19/01/a9ae61dc7ed826e05c9551d37d84f060b94de00a62616f75a4c62cace908/lxml-4.7.1-cp310-cp310-macosx_10_14_x86_64.whl", hash = "sha256:e662c6266e3a275bdcb6bb049edc7cd77d0b0f7e119a53101d367c841afc66dc", size = 4584826, upload-time = "2021-12-13T22:26:20.69Z" },
    { url = "https://files.pythonhosted.org/packages/a2/cd/0af84978062a93455f1ef4f0ae63d035d5562e1ace634e6435ced47ff109/lxml-4.7.1-cp310-cp310-manylinux_2_12_i686.manylinux2010_i686.manylinux_2_24_i686.whl", hash = "sha256:4c093c571bc3da9ebcd484e001ba18b8452903cd428c0bc926d9b0141bcb710e", size = 7032609, upload-time = "2021-12-13T22:26:28.693Z" },
    { url = "https://files.pythonhosted.org/packages/a1/d3/49b0b042273b25fd529ea59a62c75f210d29f1e1790ff7c2c662d5370198/lxml-4.7.1-cp310-cp310-manylinux_2_17_aarch64.manylinux2014_aarch64.manylinux_2_24_aarch64.whl", hash = "sha256:3e26ad9bc48d610bf6cc76c506b9e5ad9360ed7a945d9be3b5b2c8535a0145e3", size = 6609007, upload-time = "2021-12-13T22:26:42.257Z" },
    { url = "https://files.pythonhosted.org/packages/e6/61/f23023594fb12024ebead6926f195d36af3cb49021f64812b962b41a11ea/lxml-4.7.1-cp310-cp310-manylinux_2_17_x86_64.manylinux2014_x86_64.manylinux_2_24_x86_64.whl", hash = "sha256:a5f623aeaa24f71fce3177d7fee875371345eb9102b355b882243e33e04b7175", size = 6945581, upload-time = "2021-12-13T22:26:52.862Z" },
    { url = "https://files.pythonhosted.org/packages/aa/fb/93a0d39c261f146b13c7209bd2cf97c9eebb1576a26f0691616de2642e9a/lxml-4.7.1-cp310-cp310-musllinux_1_1_x86_64.whl", hash = "sha256:7b5e2acefd33c259c4a2e157119c4373c8773cf6793e225006a1649672ab47a6", size = 7693633, upload-time = "2021-12-13T22:27:01.962Z" },
    { url = "https://files.pythonhosted.org/packages/aa/1d/b658c288b067ad4b5bb01a2678dff226731ef6c710f8d25d38131c4ca906/lxml-4.7.1-cp310-cp310-win32.whl", hash = "sha256:67fa5f028e8a01e1d7944a9fb616d1d0510d5d38b0c41708310bd1bc45ae89f6", size = 3360050, upload-time = "2021-12-13T22:27:06.787Z" },
    { url = "https://files.pythonhosted.org/packages/26/1e/88e680fb98f6f9b230da54a251c4d7e3f1a80c77c9b55a760f3606f2a53b/lxml-4.7.1-cp310-cp310-win_amd64.whl", hash = "sha256:b1d381f58fcc3e63fcc0ea4f0a38335163883267f77e4c6e22d7a30877218a0e", size = 3711200, upload-time = "2021-12-13T22:27:12.595Z" },
]

[[package]]
name = "parsel"
version = "1.6.0"
source = { registry = "https://pypi.org/simple" }
dependencies = [
    { name = "cssselect" },
    { name = "lxml" },
    { name = "six" },
    { name = "w3lib" },
]
sdist = { url = "https://files.pythonhosted.org/packages/57/20/8e7aef69de46de1c991d7880ffb6c046e0cb94ad41e20dcd6a74d02c1c1a/parsel-1.6.0.tar.gz", hash = "sha256:70efef0b651a996cceebc69e55a85eb2233be0890959203ba7c3a03c72725c79", size = 41812, upload-time = "2020-05-07T20:46:57.11Z" }
wheels = [
    { url = "https://files.pythonhosted.org/packages/23/1e/9b39d64cbab79d4362cdd7be7f5e9623d45c4a53b3f7522cd8210df52d8e/parsel-1.6.0-py2.py3-none-any.whl", hash = "sha256:9e1fa8db1c0b4a878bf34b35c043d89c9d1cbebc23b4d34dbc3c0ec33f2e087d", size = 13022, upload-time = "2020-05-07T20:46:55.472Z" },
]

[[package]]
name = "priority"
version = "1.3.0"
source = { registry = "https://pypi.org/simple" }
sdist = { url = "https://files.pythonhosted.org/packages/ba/96/7d0b024087062418dfe02a68cd6b195399266ac002fb517aad94cc93e076/priority-1.3.0.tar.gz", hash = "sha256:6bc1961a6d7fcacbfc337769f1a382c8e746566aaa365e78047abe9f66b2ffbe", size = 13827, upload-time = "2017-01-27T11:00:54.22Z" }
wheels = [
    { url = "https://files.pythonhosted.org/packages/de/96/2f4b8da7be255cd41e825c398efd11a6706ff86e66ae198f012204aa2a4f/priority-1.3.0-py2.py3-none-any.whl", hash = "sha256:be4fcb94b5e37cdeb40af5533afe6dd603bd665fe9c8b3052610fc1001d5d1eb", size = 11720, upload-time = "2017-01-27T11:00:52.07Z" },
]

[[package]]
name = "protego"
version = "0.2.0"
source = { registry = "https://pypi.org/simple" }
dependencies = [
    { name = "six" },
]
sdist = { url = "https://files.pythonhosted.org/packages/aa/fb/dd1e88dd52b1fdcc2dc24f4f3618927b57f3232dcaa478ee6c4e9e5022aa/Protego-0.2.0.tar.gz", hash = "sha256:1b99605617a42ce07b049e0b9d6dc3ee5efb9924f26fd115eaafbc8f9a37470e", size = 3244468, upload-time = "2022-02-12T10:01:23.919Z" }
wheels = [
    { url = "https://files.pythonhosted.org/packages/bd/89/c6b1065f70e7d55a13ef29322d30a2966af3090c5fa33027b389d5d1fe49/Protego-0.2.0-py2.py3-none-any.whl", hash = "sha256:cd4e4f2a0a27471bcc26ddbfcab9744fa24b998b8c446fe0b2427c2e07348048", size = 8235, upload-time = "2022-02-12T10:01:18.323Z" },
]

[[package]]
name = "pyasn1"
version = "0.4.8"
source = { registry = "https://pypi.org/simple" }
sdist = { url = "https://files.pythonhosted.org/packages/a4/db/fffec68299e6d7bad3d504147f9094830b704527a7fc098b721d38cc7fa7/pyasn1-0.4.8.tar.gz", hash = "sha256:aef77c9fb94a3ac588e87841208bdec464471d9871bd5050a287cc9a475cd0ba", size = 146820, upload-time = "2019-11-16T17:27:38.772Z" }
wheels = [
    { url = "https://files.pythonhosted.org/packages/62/1e/a94a8d635fa3ce4cfc7f506003548d0a2447ae76fd5ca53932970fe3053f/pyasn1-0.4.8-py2.py3-none-any.whl", hash = "sha256:39c7e2ec30515947ff4e87fb6f456dfc6e84857d34be479c9d4a4ba4bf46aa5d", size = 77145, upload-time = "2019-11-16T17:27:11.07Z" },
]

[[package]]
name = "pyasn1-modules"
version = "0.2.8"
source = { registry = "https://pypi.org/simple" }
dependencies = [
    { name = "pyasn1" },
]
sdist = { url = "https://files.pythonhosted.org/packages/88/87/72eb9ccf8a58021c542de2588a867dbefc7556e14b2866d1e40e9e2b587e/pyasn1-modules-0.2.8.tar.gz", hash = "sha256:905f84c712230b2c592c19470d3ca8d552de726050d1d1716282a1f6146be65e", size = 242864, upload-time = "2020-01-09T17:23:48.267Z" }
wheels = [
    { url = "https://files.pythonhosted.org/packages/95/de/214830a981892a3e286c3794f41ae67a4495df1108c3da8a9f62159b9a9d/pyasn1_modules-0.2.8-py2.py3-none-any.whl", hash = "sha256:a50b808ffeb97cb3601dd25981f6b016cbb3d31fbf57a8b8a87428e6158d0c74", size = 155269, upload-time = "2020-01-09T17:23:45.61Z" },
]

[[package]]
name = "pycparser"
version = "2.21"
source = { registry = "https://pypi.org/simple" }
sdist = { url = "https://files.pythonhosted.org/packages/5e/0b/95d387f5f4433cb0f53ff7ad859bd2c6051051cebbb564f139a999ab46de/pycparser-2.21.tar.gz", hash = "sha256:e644fdec12f7872f86c58ff790da456218b10f863970249516d60a5eaca77206", size = 170877, upload-time = "2021-11-06T12:48:46.095Z" }
wheels = [
    { url = "https://files.pythonhosted.org/packages/62/d5/5f610ebe421e85889f2e55e33b7f9a6795bd982198517d912eb1c76e1a53/pycparser-2.21-py2.py3-none-any.whl", hash = "sha256:8ee45429555515e1f6b185e78100aea234072576aa43ab53aefcae078162fca9", size = 118697, upload-time = "2021-11-06T12:50:13.61Z" },
]

[[package]]
name = "pydispatcher"
version = "2.0.5"
source = { registry = "https://pypi.org/simple" }
sdist = { url = "https://files.pythonhosted.org/packages/cd/37/39aca520918ce1935bea9c356bcbb7ed7e52ad4e31bff9b943dfc8e7115b/PyDispatcher-2.0.5.tar.gz", hash = "sha256:5570069e1b1769af1fe481de6dd1d3a388492acddd2cdad7a3bde145615d5caf", size = 34437, upload-time = "2015-01-15T04:19:21.044Z" }

[[package]]
name = "pyopenssl"
version = "22.0.0"
source = { registry = "https://pypi.org/simple" }
dependencies = [
    { name = "cryptography" },
]
sdist = { url = "https://files.pythonhosted.org/packages/35/d3/d6a9610f19d943e198df502ae660c6b5acf84cc3bc421a2aa3c0fb6b21d1/pyOpenSSL-22.0.0.tar.gz", hash = "sha256:660b1b1425aac4a1bea1d94168a85d99f0b3144c869dd4390d27629d0087f1bf", size = 178438, upload-time = "2022-01-29T20:13:05.197Z" }
wheels = [
    { url = "https://files.pythonhosted.org/packages/d5/9f/9c0e3288b85f907a008f9d31318b0e4de31b2f67724a8745e633741f609c/pyOpenSSL-22.0.0-py2.py3-none-any.whl", hash = "sha256:ea252b38c87425b64116f808355e8da644ef9b07e429398bfece610f893ee2e0", size = 55833, upload-time = "2022-01-29T20:13:02.874Z" },
]

[[package]]
name = "pypydispatcher"
version = "2.1.2"
source = { registry = "https://pypi.org/simple" }
sdist = { url = "https://files.pythonhosted.org/packages/d5/7b/65f55513d3c769fd677f90032d8d8703e3dc17e88a41b6074d2177548bca/PyPyDispatcher-2.1.2.tar.gz", hash = "sha256:b6bec5dfcff9d2535bca2b23c80eae367b1ac250a645106948d315fcfa9130f2", size = 23224, upload-time = "2017-07-03T14:20:51.806Z" }

[[package]]
name = "queuelib"
version = "1.6.2"
source = { registry = "https://pypi.org/simple" }
sdist = { url = "https://files.pythonhosted.org/packages/4d/11/94d3a5c1a03fa984b3f793ceecfac4b685ca9fc7a3af03f806dbb973555b/queuelib-1.6.2.tar.gz", hash = "sha256:4b207267f2642a8699a1f806045c56eb7ad1a85a10c0e249884580d139c2fcd2", size = 12787, upload-time = "2021-08-26T13:42:09.526Z" }
wheels = [
    { url = "https://files.pythonhosted.org/packages/06/1e/9e3bfb6a10253f5d95acfed9c5732f4abc2ef87bdf985594ddfb99d222da/queuelib-1.6.2-py2.py3-none-any.whl", hash = "sha256:4b96d48f650a814c6fb2fd11b968f9c46178b683aad96d68f930fe13a8574d19", size = 13278, upload-time = "2021-08-26T13:42:07.67Z" },
]

[[package]]
name = "scrapy"
version = "2.5.1"
source = { registry = "https://pypi.org/simple" }
dependencies = [
    { name = "cryptography" },
    { name = "cssselect" },
    { name = "h2" },
    { name = "itemadapter" },
    { name = "itemloaders" },
    { name = "lxml", marker = "platform_python_implementation == 'CPython' or platform_python_implementation == 'PyPy'" },
    { name = "parsel" },
    { name = "protego" },
    { name = "pydispatcher", marker = "platform_python_implementation == 'CPython'" },
    { name = "pyopenssl" },
    { name = "pypydispatcher", marker = "platform_python_implementation == 'PyPy'" },
    { name = "queuelib" },
    { name = "service-identity" },
    { name = "twisted", extra = ["http2"] },
    { name = "w3lib" },
    { name = "zope-interface" },
]
sdist = { url = "https://files.pythonhosted.org/packages/cc/f8/5f412e9cff97a330cb813b6771db8579944debe5e1f0f9dae93af46c2be1/Scrapy-2.5.1.tar.gz", hash = "sha256:13af6032476ab4256158220e530411290b3b934dd602bb6dacacbf6d16141f49", size = 1072669, upload-time = "2021-10-05T13:48:18.335Z" }
wheels = [
    { url = "https://files.pythonhosted.org/packages/22/26/497ef936b54ae00e24694934cb25d524061722bb0d8582da33430e3e7608/Scrapy-2.5.1-py2.py3-none-any.whl", hash = "sha256:1a9a36970004950ee3c519a14c4db945f9d9a63fecb3d593dddcda477331dde9", size = 254967, upload-time = "2021-10-05T13:48:16.199Z" },
]

[[package]]
name = "service-identity"
version = "21.1.0"
source = { registry = "https://pypi.org/simple" }
dependencies = [
    { name = "attrs" },
    { name = "cryptography" },
    { name = "pyasn1" },
    { name = "pyasn1-modules" },
    { name = "six" },
]
sdist = { url = "https://files.pythonhosted.org/packages/09/2e/26ade69944773df4748c19d3053e025b282f48de02aad84906d34a29d28b/service-identity-21.1.0.tar.gz", hash = "sha256:6e6c6086ca271dc11b033d17c3a8bea9f24ebff920c587da090afc9519419d34", size = 40073, upload-time = "2021-05-09T12:23:20.768Z" }
wheels = [
    { url = "https://files.pythonhosted.org/packages/93/5a/5e93f280ec7be676b5a57f305350f439d31ced168bca04e6ffa64b575664/service_identity-21.1.0-py2.py3-none-any.whl", hash = "sha256:f0b0caac3d40627c3c04d7a51b6e06721857a0e10a8775f2d1d7e72901b3a7db", size = 12581, upload-time = "2021-05-09T12:23:19Z" },
]

[[package]]
name = "setuptools"
version = "60.9.2"
source = { registry = "https://pypi.org/simple" }
sdist = { url = "https://files.pythonhosted.org/packages/bf/b0/b4599baf535aff5a8675f038a9b4b380df7e5de33c78a155e0883da05403/setuptools-60.9.2.tar.gz", hash = "sha256:80743e57120665fa65665286369a0734bce0e7a629ad36507fb7a4b65e7d2e3b", size = 2425956, upload-time = "2022-02-16T13:57:51.998Z" }
wheels = [
    { url = "https://files.pythonhosted.org/packages/7d/c4/33822b323a5d2f6239ea668ad04261b6965c309953880a32ce373caf22c7/setuptools-60.9.2-py3-none-any.whl", hash = "sha256:93b1a3037230bf9aa07327b9fc58f527d5f4e22d36705b55d55ba3ece8606ca6", size = 1078949, upload-time = "2022-02-16T13:57:49.921Z" },
]

[[package]]
name = "six"
version = "1.16.0"
source = { registry = "https://pypi.org/simple" }
sdist = { url = "https://files.pythonhosted.org/packages/71/39/171f1c67cd00715f190ba0b100d606d440a28c93c7714febeca8b79af85e/six-1.16.0.tar.gz", hash = "sha256:1e61c37477a1626458e36f7b1d82aa5c9b094fa4802892072e49de9c60c4c926", size = 34041, upload-time = "2021-05-05T14:18:18.379Z" }
wheels = [
    { url = "https://files.pythonhosted.org/packages/d9/5a/e7c31adbe875f2abbb91bd84cf2dc52d792b5a01506781dbcf25c91daf11/six-1.16.0-py2.py3-none-any.whl", hash = "sha256:8abb2f1d86890a2dfb989f9a77cfcfd3e47c2a354b01111771326f8aa26e0254", size = 11053, upload-time = "2021-05-05T14:18:17.237Z" },
]

[[package]]
name = "twisted"
version = "22.1.0"
source = { registry = "https://pypi.org/simple" }
dependencies = [
    { name = "attrs" },
    { name = "automat" },
    { name = "constantly" },
    { name = "hyperlink" },
    { name = "incremental" },
    { name = "twisted-iocpsupport", marker = "sys_platform == 'win32'" },
    { name = "typing-extensions" },
    { name = "zope-interface" },
]
sdist = { url = "https://files.pythonhosted.org/packages/77/b8/8108806ebf2b33654989fd1511281dc94a49fa7e03326d84fe5498ecfae4/Twisted-22.1.0.tar.gz", hash = "sha256:b7971ec9805b0f80e1dcb1a3721d7bfad636d5f909de687430ce373979d67b61", size = 3729983, upload-time = "2022-02-07T13:13:36.014Z" }
wheels = [
    { url = "https://files.pythonhosted.org/packages/7c/2b/df1c552adff67d9ec348295a76b6496178d6ca0dc6a033fd8ee681accdea/Twisted-22.1.0-py3-none-any.whl", hash = "sha256:ccd638110d9ccfdc003042aa3e1b6d6af272eaca45d36e083359560549e3e848", size = 3082948, upload-time = "2022-02-07T13:13:33.604Z" },
]

[package.optional-dependencies]
http2 = [
    { name = "h2" },
    { name = "priority" },
]

[[package]]
name = "twisted-iocpsupport"
version = "1.0.4"
source = { registry = "https://pypi.org/simple" }
sdist = { url = "https://files.pythonhosted.org/packages/f3/35/f18bd75e29f7d887e918a9401e0aa66c10634861561fc085d197a738759f/twisted-iocpsupport-1.0.4.tar.gz", hash = "sha256:858096c0d15e33f15ac157f455d8f86f2f2cdd223963e58c0f682a3af8362d89", size = 10022, upload-time = "2023-08-10T10:11:51.307Z" }
wheels = [
    { url = "https://files.pythonhosted.org/packages/ac/fd/172697cff2cd365e8dd716c28b4fe81dbdb667c3d3a1d9f21c84db1fea2e/twisted_iocpsupport-1.0.4-cp310-cp310-win32.whl", hash = "sha256:afa2b630797f9ed2f27f3d9f55e3f72b4244911e45a8c82756f44babbf0b243e", size = 42123, upload-time = "2023-08-10T10:11:26.65Z" },
    { url = "https://files.pythonhosted.org/packages/b1/2e/d99419d50e883efe30f8d17c0851307671058561643ba2d73f4f2873af97/twisted_iocpsupport-1.0.4-cp310-cp310-win_amd64.whl", hash = "sha256:0058c963c8957bcd3deda62122e89953c9de1e867a274facc9b15dde1a9f31e8", size = 46809, upload-time = "2023-08-10T10:11:28.29Z" },
    { url = "https://files.pythonhosted.org/packages/e3/92/06be6fe2600d63bd268b3b6a3f4f4b9e5ff9ee8169b426adb906dabf3fb1/twisted_iocpsupport-1.0.4-cp311-cp311-win32.whl", hash = "sha256:196f7c7ccad4ba4d1783b1c4e1d1b22d93c04275cd780bf7498d16c77319ad6e", size = 42390, upload-time = "2023-08-10T10:11:29.356Z" },
    { url = "https://files.pythonhosted.org/packages/5b/e4/54819582c7852295188427c49526da79c9b884253ac7ce9d74b51b6be181/twisted_iocpsupport-1.0.4-cp311-cp311-win_amd64.whl", hash = "sha256:4e5f97bcbabdd79cbaa969b63439b89801ea560f11d42b0a387634275c633623", size = 47295, upload-time = "2023-08-10T10:11:30.861Z" },
    { url = "https://files.pythonhosted.org/packages/e1/9d/b223c791d14a502d8d4c4405add78c6189f68506fdc43f3c2a6183efb7b4/twisted_iocpsupport-1.0.4-cp312-cp312-win32.whl", hash = "sha256:6081bd7c2f4fcf9b383dcdb3b3385d75a26a7c9d2be25b6950c3d8ea652d2d2d", size = 42594, upload-time = "2023-08-10T10:11:31.904Z" },
    { url = "https://files.pythonhosted.org/packages/f3/9d/3813cd573dff68426e0ab0f9f47c7876dd9d98238e55aefa019c89c400b9/twisted_iocpsupport-1.0.4-cp312-cp312-win_amd64.whl", hash = "sha256:76f7e67cec1f1d097d1f4ed7de41be3d74546e1a4ede0c7d56e775c4dce5dfb0", size = 47608, upload-time = "2023-08-10T10:11:33.531Z" },
    { url = "https://files.pythonhosted.org/packages/d8/2e/18667b59a33dbe1075922aefcf669ce6ffeab161ed985a4a62fd4457de99/twisted_iocpsupport-1.0.4-pp310-pypy310_pp73-win_amd64.whl", hash = "sha256:872747a3b64e2909aee59c803ccd0bceb9b75bf27915520ebd32d69687040fa2", size = 42512, upload-time = "2023-08-10T10:11:45.936Z" },
]

[[package]]
name = "typing-extensions"
version = "4.1.1"
source = { registry = "https://pypi.org/simple" }
sdist = { url = "https://files.pythonhosted.org/packages/b1/5a/8b5fbb891ef3f81fc923bf3cb4a578c0abf9471eb50ce0f51c74212182ab/typing_extensions-4.1.1.tar.gz", hash = "sha256:1a9462dcc3347a79b1f1c0271fbe79e844580bb598bafa1ed208b94da3cdcd42", size = 26694, upload-time = "2022-02-14T03:19:57.426Z" }
wheels = [
    { url = "https://files.pythonhosted.org/packages/45/6b/44f7f8f1e110027cf88956b59f2fad776cca7e1704396d043f89effd3a0e/typing_extensions-4.1.1-py3-none-any.whl", hash = "sha256:21c85e0fe4b9a155d0799430b0ad741cdce7e359660ccbd8b530613e8df88ce2", size = 26844, upload-time = "2022-02-14T03:19:55.773Z" },
]

[[package]]
name = "w3lib"
version = "1.22.0"
source = { registry = "https://pypi.org/simple" }
dependencies = [
    { name = "six" },
]
sdist = { url = "https://files.pythonhosted.org/packages/5e/2f/76558d2712d93e9267a3160190f1bb005f97ef4aba35592728f63747da8b/w3lib-1.22.0.tar.gz", hash = "sha256:0ad6d0203157d61149fd45aaed2e24f53902989c32fc1dccc2e2bfba371560df", size = 39121, upload-time = "2020-05-13T19:29:59.454Z" }
wheels = [
    { url = "https://files.pythonhosted.org/packages/a3/59/b6b14521090e7f42669cafdb84b0ab89301a42f1f1a82fcf5856661ea3a7/w3lib-1.22.0-py2.py3-none-any.whl", hash = "sha256:0161d55537063e00d95a241663ede3395c4c6d7b777972ba2fd58bbab2001e53", size = 20253, upload-time = "2020-05-13T19:29:58.471Z" },
]

[[package]]
name = "zope-interface"
version = "5.4.0"
source = { registry = "https://pypi.org/simple" }
dependencies = [
    { name = "setuptools" },
]
sdist = { url = "https://files.pythonhosted.org/packages/ae/58/e0877f58daa69126a5fb325d6df92b20b77431cd281e189c5ec42b722f58/zope.interface-5.4.0.tar.gz", hash = "sha256:5dba5f530fec3f0988d83b78cc591b58c0b6eb8431a85edd1569a0539a8a5a0e", size = 249329, upload-time = "2021-04-15T09:53:50.986Z" }
